{
  "name": "add-git-repos",
  "version": "0.0.1",
  "lockfileVersion": 2,
  "requires": true,
  "packages": {
    "": {
      "name": "add-git-repos",
      "version": "0.0.1",
      "devDependencies": {
        "@types/vscode": "^1.115.0"
      },
      "engines": {
        "vscode": "^1.60.0"
      }
    },
    "node_modules/@types/vscode": {
      "version": "1.115.0",
      "resolved": "https://registry.npmjs.org/@types/vscode/-/vscode-1.115.0.tgz",
      "integrity": "sha512-/M8cdznOlqtMqduHKKlIF00v4eum4ZWKgn8YoPRKcN6PDdvoWeeqDaQSnw63ipDbq1Uzz78Wndk/d0uSPwORfA==",
      "dev": true
    }
  },
  "dependencies": {
    "@types/vscode": {
      "version": "1.115.0",
      "resolved": "https://registry.npmjs.org/@types/vscode/-/vscode-1.115.0.tgz",
      "integrity": "sha512-/M8cdznOlqtMqduHKKlIF00v4eum4ZWKgn8YoPRKcN6PDdvoWeeqDaQSnw63ipDbq1Uzz78Wndk/d0uSPwORfA==",
      "dev": true
    }
  }
}
